# This file is automatically @generated by Cargo.
# It is not intended for manual editing.
version = 4

[[package]]
name = "bitflags"
version = "2.6.0"
source = "registry+https://github.com/rust-lang/crates.io-index"
checksum = "b048fb63fd8b5923fc5aa7b340d8e156aec7ec02f0c78fa8a6ddc2613f6f71de"

[[package]]
name = "countme"
version = "3.0.1"
source = "registry+https://github.com/rust-lang/crates.io-index"
checksum = "7704b5fdd17b18ae31c4c1da5a2e0305a2bf17b5249300a9ee9ed7b72114c636"

[[package]]
name = "hashbrown"
version = "0.14.5"
source = "registry+https://github.com/rust-lang/crates.io-index"
checksum = "e5274423e17b7c9fc20b6e7e208532f9b19825d82dfd615708b70edd83df41f1"

[[package]]
name = "nix"
version = "0.1.0"
dependencies = [
 "rnix",
 "wit-bindgen-rt",
]

[[package]]
name = "rnix"
version = "0.11.0"
source = "registry+https://github.com/rust-lang/crates.io-index"
checksum = "bb35cedbeb70e0ccabef2a31bcff0aebd114f19566086300b8f42c725fc2cb5f"
dependencies = [
 "rowan",
]

[[package]]
name = "rowan"
version = "0.15.16"
source = "registry+https://github.com/rust-lang/crates.io-index"
checksum = "0a542b0253fa46e632d27a1dc5cf7b930de4df8659dc6e720b647fc72147ae3d"
dependencies = [
 "countme",
 "hashbrown",
 "rustc-hash",
 "text-size",
]

[[package]]
name = "rustc-hash"
version = "1.1.0"
source = "registry+https://github.com/rust-lang/crates.io-index"
checksum = "08d43f7aa6b08d49f382cde6a7982047c3426db949b1424bc4b7ec9ae12c6ce2"

[[package]]
name = "text-size"
version = "1.1.1"
source = "registry+https://github.com/rust-lang/crates.io-index"
checksum = "f18aa187839b2bdb1ad2fa35ead8c4c2976b64e4363c386d45ac0f7ee85c9233"

[[package]]
name = "wit-bindgen-rt"
version = "0.36.0"
source = "registry+https://github.com/rust-lang/crates.io-index"
checksum = "7947d0131c7c9da3f01dfde0ab8bd4c4cf3c5bd49b6dba0ae640f1fa752572ea"
dependencies = [
 "bitflags",
]
